
Microsoft Visual Studio Solution File, Format Version 12.00
# Visual Studio Version 17
VisualStudioVersion = 17.5.33424.131
MinimumVisualStudioVersion = 10.0.40219.1
Project("{FAE04EC0-301F-11D3-BF4B-00C04F79EFBC}") = "FraudDetectionCsharp", "FraudDetectionCsharp\FraudDetectionCsharp.csproj", "{E3C91087-FDDC-4F6C-A1AC-C5C7422B953E}"
EndProject
Global
	GlobalSection(SolutionConfigurationPlatforms) = preSolution
		Debug|Any CPU = Debug|Any CPU
		Release|Any CPU = Release|Any CPU
	EndGlobalSection
	GlobalSection(ProjectConfigurationPlatforms) = postSolution
		{E3C91087-FDDC-4F6C-A1AC-C5C7422B953E}.Debug|Any CPU.ActiveCfg = Debug|Any CPU
		{E3C91087-FDDC-4F6C-A1AC-C5C7422B953E}.Debug|Any CPU.Build.0 = Debug|Any CPU
		{E3C91087-FDDC-4F6C-A1AC-C5C7422B953E}.Release|Any CPU.ActiveCfg = Release|Any CPU
		{E3C91087-FDDC-4F6C-A1AC-C5C7422B953E}.Release|Any CPU.Build.0 = Release|Any CPU
	EndGlobalSection
	GlobalSection(SolutionProperties) = preSolution
		HideSolutionNode = FALSE
	EndGlobalSection
	GlobalSection(ExtensibilityGlobals) = postSolution
		SolutionGuid = {05ECE489-FB83-4A3B-BC16-9132515AE871}
	EndGlobalSection
EndGlobal
